
Microsoft Visual Studio Solution File, Format Version 12.00
# Visual Studio Version 16
VisualStudioVersion = 16.0.28803.202
MinimumVisualStudioVersion = 10.0.40219.1
Project("{FAE04EC0-301F-11D3-BF4B-00C04F79EFBC}") = "ImtiazSuperStore", "ImtiazSuperStore\ImtiazSuperStore.csproj", "{07D426B6-5640-42D6-B807-4DBA5F3F0215}"
EndProject
Global
	GlobalSection(SolutionConfigurationPlatforms) = preSolution
		Debug|Any CPU = Debug|Any CPU
		Release|Any CPU = Release|Any CPU
	EndGlobalSection
	GlobalSection(ProjectConfigurationPlatforms) = postSolution
		{07D426B6-5640-42D6-B807-4DBA5F3F0215}.Debug|Any CPU.ActiveCfg = Debug|Any CPU
		{07D426B6-5640-42D6-B807-4DBA5F3F0215}.Debug|Any CPU.Build.0 = Debug|Any CPU
		{07D426B6-5640-42D6-B807-4DBA5F3F0215}.Release|Any CPU.ActiveCfg = Release|Any CPU
		{07D426B6-5640-42D6-B807-4DBA5F3F0215}.Release|Any CPU.Build.0 = Release|Any CPU
	EndGlobalSection
	GlobalSection(SolutionProperties) = preSolution
		HideSolutionNode = FALSE
	EndGlobalSection
	GlobalSection(ExtensibilityGlobals) = postSolution
		SolutionGuid = {F08C7327-502C-40CA-A5A6-975FB190385F}
	EndGlobalSection
EndGlobal
